// !$*UTF8*$!
{
	archiveVersion = 1;
	classes = {
	};
	objectVersion = 51;
	objects = {

/* Begin PBXBuildFile section */
		B995B26423E716CF006B04B8 /* AppDelegate.swift in Sources */ = {isa = PBXBuildFile; fileRef = B995B26323E716CF006B04B8 /* AppDelegate.swift */; };
		B995B26623E716CF006B04B8 /* SceneDelegate.swift in Sources */ = {isa = PBXBuildFile; fileRef = B995B26523E716CF006B04B8 /* SceneDelegate.swift */; };
		B995B26823E716CF006B04B8 /* MainViewController.swift in Sources */ = {isa = PBXBuildFile; fileRef = B995B26723E716CF006B04B8 /* MainViewController.swift */; };
		B995B26B23E716CF006B04B8 /* Main.storyboard in Resources */ = {isa = PBXBuildFile; fileRef = B995B26923E716CF006B04B8 /* Main.storyboard */; };
		B995B26D23E716D1006B04B8 /* Assets.xcassets in Resources */ = {isa = PBXBuildFile; fileRef = B995B26C23E716D1006B04B8 /* Assets.xcassets */; };
		B995B27023E716D1006B04B8 /* LaunchScreen.storyboard in Resources */ = {isa = PBXBuildFile; fileRef = B995B26E23E716D1006B04B8 /* LaunchScreen.storyboard */; };
		B995B27823E716EB006B04B8 /* Cluster.swift in Sources */ = {isa = PBXBuildFile; fileRef = B995B27723E716EB006B04B8 /* Cluster.swift */; };
		B995B27A23E71882006B04B8 /* KMeans.swift in Sources */ = {isa = PBXBuildFile; fileRef = B995B27923E71882006B04B8 /* KMeans.swift */; };
		B995B27D23E73B1C006B04B8 /* Maximin.swift in Sources */ = {isa = PBXBuildFile; fileRef = B995B27C23E73B1C006B04B8 /* Maximin.swift */; };
		B995B27F23E73B40006B04B8 /* Protocols.swift in Sources */ = {isa = PBXBuildFile; fileRef = B995B27E23E73B40006B04B8 /* Protocols.swift */; };
		B995B28123E74CD1006B04B8 /* ResultsViewController.swift in Sources */ = {isa = PBXBuildFile; fileRef = B995B28023E74CD1006B04B8 /* ResultsViewController.swift */; };
		C6034ED223E8080D00C0F791 /* DetailViewController.swift in Sources */ = {isa = PBXBuildFile; fileRef = C6034ED123E8080D00C0F791 /* DetailViewController.swift */; };
		C6034ED523E8082D00C0F791 /* Drawer.swift in Sources */ = {isa = PBXBuildFile; fileRef = C6034ED423E8082D00C0F791 /* Drawer.swift */; };
		D70777A25D41C2A36C9057B3 /* Pods_k_means.framework in Frameworks */ = {isa = PBXBuildFile; fileRef = C9CAC3D3777E3E0333286544 /* Pods_k_means.framework */; };
/* End PBXBuildFile section */

/* Begin PBXFileReference section */
		5E8A52F29A94D385B2C6544F /* Pods-k-means.debug.xcconfig */ = {isa = PBXFileReference; includeInIndex = 1; lastKnownFileType = text.xcconfig; name = "Pods-k-means.debug.xcconfig"; path = "Target Support Files/Pods-k-means/Pods-k-means.debug.xcconfig"; sourceTree = "<group>"; };
		868980FD2D9F96BBA9567715 /* Pods-k-means.release.xcconfig */ = {isa = PBXFileReference; includeInIndex = 1; lastKnownFileType = text.xcconfig; name = "Pods-k-means.release.xcconfig"; path = "Target Support Files/Pods-k-means/Pods-k-means.release.xcconfig"; sourceTree = "<group>"; };
		B995B26023E716CF006B04B8 /* k-means.app */ = {isa = PBXFileReference; explicitFileType = wrapper.application; includeInIndex = 0; path = "k-means.app"; sourceTree = BUILT_PRODUCTS_DIR; };
		B995B26323E716CF006B04B8 /* AppDelegate.swift */ = {isa = PBXFileReference; lastKnownFileType = sourcecode.swift; path = AppDelegate.swift; sourceTree = "<group>"; };
		B995B26523E716CF006B04B8 /* SceneDelegate.swift */ = {isa = PBXFileReference; lastKnownFileType = sourcecode.swift; path = SceneDelegate.swift; sourceTree = "<group>"; };
		B995B26723E716CF006B04B8 /* MainViewController.swift */ = {isa = PBXFileReference; lastKnownFileType = sourcecode.swift; path = MainViewController.swift; sourceTree = "<group>"; };
		B995B26A23E716CF006B04B8 /* Base */ = {isa = PBXFileReference; lastKnownFileType = file.storyboard; name = Base; path = Base.lproj/Main.storyboard; sourceTree = "<group>"; };
		B995B26C23E716D1006B04B8 /* Assets.xcassets */ = {isa = PBXFileReference; lastKnownFileType = folder.assetcatalog; path = Assets.xcassets; sourceTree = "<group>"; };
		B995B26F23E716D1006B04B8 /* Base */ = {isa = PBXFileReference; lastKnownFileType = file.storyboard; name = Base; path = Base.lproj/LaunchScreen.storyboard; sourceTree = "<group>"; };
		B995B27123E716D1006B04B8 /* Info.plist */ = {isa = PBXFileReference; lastKnownFileType = text.plist.xml; path = Info.plist; sourceTree = "<group>"; };
		B995B27723E716EB006B04B8 /* Cluster.swift */ = {isa = PBXFileReference; lastKnownFileType = sourcecode.swift; path = Cluster.swift; sourceTree = "<group>"; };
		B995B27923E71882006B04B8 /* KMeans.swift */ = {isa = PBXFileReference; lastKnownFileType = sourcecode.swift; path = KMeans.swift; sourceTree = "<group>"; };
		B995B27C23E73B1C006B04B8 /* Maximin.swift */ = {isa = PBXFileReference; lastKnownFileType = sourcecode.swift; path = Maximin.swift; sourceTree = "<group>"; };
		B995B27E23E73B40006B04B8 /* Protocols.swift */ = {isa = PBXFileReference; lastKnownFileType = sourcecode.swift; path = Protocols.swift; sourceTree = "<group>"; };
		B995B28023E74CD1006B04B8 /* ResultsViewController.swift */ = {isa = PBXFileReference; lastKnownFileType = sourcecode.swift; path = ResultsViewController.swift; sourceTree = "<group>"; };
		C6034ED123E8080D00C0F791 /* DetailViewController.swift */ = {isa = PBXFileReference; lastKnownFileType = sourcecode.swift; path = DetailViewController.swift; sourceTree = "<group>"; };
		C6034ED423E8082D00C0F791 /* Drawer.swift */ = {isa = PBXFileReference; lastKnownFileType = sourcecode.swift; path = Drawer.swift; sourceTree = "<group>"; };
		C9CAC3D3777E3E0333286544 /* Pods_k_means.framework */ = {isa = PBXFileReference; explicitFileType = wrapper.framework; includeInIndex = 0; path = Pods_k_means.framework; sourceTree = BUILT_PRODUCTS_DIR; };
/* End PBXFileReference section */

/* Begin PBXFrameworksBuildPhase section */
		B995B25D23E716CF006B04B8 /* Frameworks */ = {
			isa = PBXFrameworksBuildPhase;
			buildActionMask = 2147483647;
			files = (
				D70777A25D41C2A36C9057B3 /* Pods_k_means.framework in Frameworks */,
			);
			runOnlyForDeploymentPostprocessing = 0;
		};
/* End PBXFrameworksBuildPhase section */

/* Begin PBXGroup section */
		B995B25723E716CF006B04B8 = {
			isa = PBXGroup;
			children = (
				B995B26223E716CF006B04B8 /* k-means */,
				B995B26123E716CF006B04B8 /* Products */,
				D1A9BA433AD002F58FD69626 /* Pods */,
				C4EEB381DA5C8462CA5FEBE0 /* Frameworks */,
			);
			sourceTree = "<group>";
		};
		B995B26123E716CF006B04B8 /* Products */ = {
			isa = PBXGroup;
			children = (
				B995B26023E716CF006B04B8 /* k-means.app */,
			);
			name = Products;
			sourceTree = "<group>";
		};
		B995B26223E716CF006B04B8 /* k-means */ = {
			isa = PBXGroup;
			children = (
				B995B26323E716CF006B04B8 /* AppDelegate.swift */,
				B995B26523E716CF006B04B8 /* SceneDelegate.swift */,
				C6034ED323E8081600C0F791 /* View */,
				B995B27B23E71887006B04B8 /* Model */,
				B995B26923E716CF006B04B8 /* Main.storyboard */,
				B995B26C23E716D1006B04B8 /* Assets.xcassets */,
				B995B26E23E716D1006B04B8 /* LaunchScreen.storyboard */,
				B995B27123E716D1006B04B8 /* Info.plist */,
			);
			path = "k-means";
			sourceTree = "<group>";
		};
		B995B27B23E71887006B04B8 /* Model */ = {
			isa = PBXGroup;
			children = (
				B995B27723E716EB006B04B8 /* Cluster.swift */,
				B995B27923E71882006B04B8 /* KMeans.swift */,
				B995B27C23E73B1C006B04B8 /* Maximin.swift */,
				B995B27E23E73B40006B04B8 /* Protocols.swift */,
			);
			path = Model;
			sourceTree = "<group>";
		};
		C4EEB381DA5C8462CA5FEBE0 /* Frameworks */ = {
			isa = PBXGroup;
			children = (
				C9CAC3D3777E3E0333286544 /* Pods_k_means.framework */,
			);
			name = Frameworks;
			sourceTree = "<group>";
		};
		C6034ED323E8081600C0F791 /* View */ = {
			isa = PBXGroup;
			children = (
				B995B26723E716CF006B04B8 /* MainViewController.swift */,
				C6034ED123E8080D00C0F791 /* DetailViewController.swift */,
				B995B28023E74CD1006B04B8 /* ResultsViewController.swift */,
				C6034ED423E8082D00C0F791 /* Drawer.swift */,
			);
			path = View;
			sourceTree = "<group>";
		};
		D1A9BA433AD002F58FD69626 /* Pods */ = {
			isa = PBXGroup;
			children = (
				5E8A52F29A94D385B2C6544F /* Pods-k-means.debug.xcconfig */,
				868980FD2D9F96BBA9567715 /* Pods-k-means.release.xcconfig */,
			);
			path = Pods;
			sourceTree = "<group>";
		};
/* End PBXGroup section */

/* Begin PBXNativeTarget section */
		B995B25F23E716CF006B04B8 /* k-means */ = {
			isa = PBXNativeTarget;
			buildConfigurationList = B995B27423E716D1006B04B8 /* Build configuration list for PBXNativeTarget "k-means" */;
			buildPhases = (
				A721FE0BAA9843B28EBCA844 /* [CP] Check Pods Manifest.lock */,
				B995B25C23E716CF006B04B8 /* Sources */,
				B995B25D23E716CF006B04B8 /* Frameworks */,
				B995B25E23E716CF006B04B8 /* Resources */,
				A58EB46A466192E9F6532BD6 /* [CP] Embed Pods Frameworks */,
			);
			buildRules = (
			);
			dependencies = (
			);
			name = "k-means";
			productName = "k-means";
			productReference = B995B26023E716CF006B04B8 /* k-means.app */;
			productType = "com.apple.product-type.application";
		};
/* End PBXNativeTarget section */

/* Begin PBXProject section */
		B995B25823E716CF006B04B8 /* Project object */ = {
			isa = PBXProject;
			attributes = {
				LastSwiftUpdateCheck = 1130;
				LastUpgradeCheck = 1130;
				ORGANIZATIONNAME = yenz0redd;
				TargetAttributes = {
					B995B25F23E716CF006B04B8 = {
						CreatedOnToolsVersion = 11.3.1;
					};
				};
			};
			buildConfigurationList = B995B25B23E716CF006B04B8 /* Build configuration list for PBXProject "k-means" */;
			compatibilityVersion = "Xcode 9.3";
			developmentRegion = en;
			hasScannedForEncodings = 0;
			knownRegions = (
				en,
				Base,
			);
			mainGroup = B995B25723E716CF006B04B8;
			productRefGroup = B995B26123E716CF006B04B8 /* Products */;
			projectDirPath = "";
			projectRoot = "";
			targets = (
				B995B25F23E716CF006B04B8 /* k-means */,
			);
		};
/* End PBXProject section */

/* Begin PBXResourcesBuildPhase section */
		B995B25E23E716CF006B04B8 /* Resources */ = {
			isa = PBXResourcesBuildPhase;
			buildActionMask = 2147483647;
			files = (
				B995B27023E716D1006B04B8 /* LaunchScreen.storyboard in Resources */,
				B995B26D23E716D1006B04B8 /* Assets.xcassets in Resources */,
				B995B26B23E716CF006B04B8 /* Main.storyboard in Resources */,
			);
			runOnlyForDeploymentPostprocessing = 0;
		};
/* End PBXResourcesBuildPhase section */

/* Begin PBXShellScriptBuildPhase section */
		A58EB46A466192E9F6532BD6 /* [CP] Embed Pods Frameworks */ = {
			isa = PBXShellScriptBuildPhase;
			buildActionMask = 2147483647;
			files = (
			);
			inputFileListPaths = (
				"${PODS_ROOT}/Target Support Files/Pods-k-means/Pods-k-means-frameworks-${CONFIGURATION}-input-files.xcfilelist",
			);
			name = "[CP] Embed Pods Frameworks";
			outputFileListPaths = (
				"${PODS_ROOT}/Target Support Files/Pods-k-means/Pods-k-means-frameworks-${CONFIGURATION}-output-files.xcfilelist",
			);
			runOnlyForDeploymentPostprocessing = 0;
			shellPath = /bin/sh;
			shellScript = "\"${PODS_ROOT}/Target Support Files/Pods-k-means/Pods-k-means-frameworks.sh\"\n";
			showEnvVarsInLog = 0;
		};
		A721FE0BAA9843B28EBCA844 /* [CP] Check Pods Manifest.lock */ = {
			isa = PBXShellScriptBuildPhase;
			buildActionMask = 2147483647;
			files = (
			);
			inputFileListPaths = (
			);
			inputPaths = (
				"${PODS_PODFILE_DIR_PATH}/Podfile.lock",
				"${PODS_ROOT}/Manifest.lock",
			);
			name = "[CP] Check Pods Manifest.lock";
			outputFileListPaths = (
			);
			outputPaths = (
				"$(DERIVED_FILE_DIR)/Pods-k-means-checkManifestLockResult.txt",
			);
			runOnlyForDeploymentPostprocessing = 0;
			shellPath = /bin/sh;
			shellScript = "diff \"${PODS_PODFILE_DIR_PATH}/Podfile.lock\" \"${PODS_ROOT}/Manifest.lock\" > /dev/null\nif [ $? != 0 ] ; then\n    # print error to STDERR\n    echo \"error: The sandbox is not in sync with the Podfile.lock. Run 'pod install' or update your CocoaPods installation.\" >&2\n    exit 1\nfi\n# This output is used by Xcode 'outputs' to avoid re-running this script phase.\necho \"SUCCESS\" > \"${SCRIPT_OUTPUT_FILE_0}\"\n";
			showEnvVarsInLog = 0;
		};
/* End PBXShellScriptBuildPhase section */

/* Begin PBXSourcesBuildPhase section */
		B995B25C23E716CF006B04B8 /* Sources */ = {
			isa = PBXSourcesBuildPhase;
			buildActionMask = 2147483647;
			files = (
				C6034ED523E8082D00C0F791 /* Drawer.swift in Sources */,
				C6034ED223E8080D00C0F791 /* DetailViewController.swift in Sources */,
				B995B26823E716CF006B04B8 /* MainViewController.swift in Sources */,
				B995B27D23E73B1C006B04B8 /* Maximin.swift in Sources */,
				B995B27F23E73B40006B04B8 /* Protocols.swift in Sources */,
				B995B26423E716CF006B04B8 /* AppDelegate.swift in Sources */,
				B995B27823E716EB006B04B8 /* Cluster.swift in Sources */,
				B995B26623E716CF006B04B8 /* SceneDelegate.swift in Sources */,
				B995B27A23E71882006B04B8 /* KMeans.swift in Sources */,
				B995B28123E74CD1006B04B8 /* ResultsViewController.swift in Sources */,
			);
			runOnlyForDeploymentPostprocessing = 0;
		};
/* End PBXSourcesBuildPhase section */

/* Begin PBXVariantGroup section */
		B995B26923E716CF006B04B8 /* Main.storyboard */ = {
			isa = PBXVariantGroup;
			children = (
				B995B26A23E716CF006B04B8 /* Base */,
			);
			name = Main.storyboard;
			sourceTree = "<group>";
		};
		B995B26E23E716D1006B04B8 /* LaunchScreen.storyboard */ = {
			isa = PBXVariantGroup;
			children = (
				B995B26F23E716D1006B04B8 /* Base */,
			);
			name = LaunchScreen.storyboard;
			sourceTree = "<group>";
		};
/* End PBXVariantGroup section */

/* Begin XCBuildConfiguration section */
		B995B27223E716D1006B04B8 /* Debug */ = {
			isa = XCBuildConfiguration;
			buildSettings = {
				ALWAYS_SEARCH_USER_PATHS = NO;
				CLANG_ANALYZER_NONNULL = YES;
				CLANG_ANALYZER_NUMBER_OBJECT_CONVERSION = YES_AGGRESSIVE;
				CLANG_CXX_LANGUAGE_STANDARD = "gnu++14";
				CLANG_CXX_LIBRARY = "libc++";
				CLANG_ENABLE_MODULES = YES;
				CLANG_ENABLE_OBJC_ARC = YES;
				CLANG_ENABLE_OBJC_WEAK = YES;
				CLANG_WARN_BLOCK_CAPTURE_AUTORELEASING = YES;
				CLANG_WARN_BOOL_CONVERSION = YES;
				CLANG_WARN_COMMA = YES;
				CLANG_WARN_CONSTANT_CONVERSION = YES;
				CLANG_WARN_DEPRECATED_OBJC_IMPLEMENTATIONS = YES;
				CLANG_WARN_DIRECT_OBJC_ISA_USAGE = YES_ERROR;
				CLANG_WARN_DOCUMENTATION_COMMENTS = YES;
				CLANG_WARN_EMPTY_BODY = YES;
				CLANG_WARN_ENUM_CONVERSION = YES;
				CLANG_WARN_INFINITE_RECURSION = YES;
				CLANG_WARN_INT_CONVERSION = YES;
				CLANG_WARN_NON_LITERAL_NULL_CONVERSION = YES;
				CLANG_WARN_OBJC_IMPLICIT_RETAIN_SELF = YES;
				CLANG_WARN_OBJC_LITERAL_CONVERSION = YES;
				CLANG_WARN_OBJC_ROOT_CLASS = YES_ERROR;
				CLANG_WARN_RANGE_LOOP_ANALYSIS = YES;
				CLANG_WARN_STRICT_PROTOTYPES = YES;
				CLANG_WARN_SUSPICIOUS_MOVE = YES;
				CLANG_WARN_UNGUARDED_AVAILABILITY = YES_AGGRESSIVE;
				CLANG_WARN_UNREACHABLE_CODE = YES;
				CLANG_WARN__DUPLICATE_METHOD_MATCH = YES;
				COPY_PHASE_STRIP = NO;
				DEBUG_INFORMATION_FORMAT = dwarf;
				ENABLE_STRICT_OBJC_MSGSEND = YES;
				ENABLE_TESTABILITY = YES;
				GCC_C_LANGUAGE_STANDARD = gnu11;
				GCC_DYNAMIC_NO_PIC = NO;
				GCC_NO_COMMON_BLOCKS = YES;
				GCC_OPTIMIZATION_LEVEL = 0;
				GCC_PREPROCESSOR_DEFINITIONS = (
					"DEBUG=1",
					"$(inherited)",
				);
				GCC_WARN_64_TO_32_BIT_CONVERSION = YES;
				GCC_WARN_ABOUT_RETURN_TYPE = YES_ERROR;
				GCC_WARN_UNDECLARED_SELECTOR = YES;
				GCC_WARN_UNINITIALIZED_AUTOS = YES_AGGRESSIVE;
				GCC_WARN_UNUSED_FUNCTION = YES;
				GCC_WARN_UNUSED_VARIABLE = YES;
				IPHONEOS_DEPLOYMENT_TARGET = 13.2;
				MTL_ENABLE_DEBUG_INFO = INCLUDE_SOURCE;
				MTL_FAST_MATH = YES;
				ONLY_ACTIVE_ARCH = YES;
				SDKROOT = iphoneos;
				SWIFT_ACTIVE_COMPILATION_CONDITIONS = DEBUG;
				SWIFT_OPTIMIZATION_LEVEL = "-Onone";
			};
			name = Debug;
		};
		B995B27323E716D1006B04B8 /* Release */ = {
			isa = XCBuildConfiguration;
			buildSettings = {
				ALWAYS_SEARCH_USER_PATHS = NO;
				CLANG_ANALYZER_NONNULL = YES;
				CLANG_ANALYZER_NUMBER_OBJECT_CONVERSION = YES_AGGRESSIVE;
				CLANG_CXX_LANGUAGE_STANDARD = "gnu++14";
				CLANG_CXX_LIBRARY = "libc++";
				CLANG_ENABLE_MODULES = YES;
				CLANG_ENABLE_OBJC_ARC = YES;
				CLANG_ENABLE_OBJC_WEAK = YES;
				CLANG_WARN_BLOCK_CAPTURE_AUTORELEASING = YES;
				CLANG_WARN_BOOL_CONVERSION = YES;
				CLANG_WARN_COMMA = YES;
				CLANG_WARN_CONSTANT_CONVERSION = YES;
				CLANG_WARN_DEPRECATED_OBJC_IMPLEMENTATIONS = YES;
				CLANG_WARN_DIRECT_OBJC_ISA_USAGE = YES_ERROR;
				CLANG_WARN_DOCUMENTATION_COMMENTS = YES;
				CLANG_WARN_EMPTY_BODY = YES;
				CLANG_WARN_ENUM_CONVERSION = YES;
				CLANG_WARN_INFINITE_RECURSION = YES;
				CLANG_WARN_INT_CONVERSION = YES;
				CLANG_WARN_NON_LITERAL_NULL_CONVERSION = YES;
				CLANG_WARN_OBJC_IMPLICIT_RETAIN_SELF = YES;
				CLANG_WARN_OBJC_LITERAL_CONVERSION = YES;
				CLANG_WARN_OBJC_ROOT_CLASS = YES_ERROR;
				CLANG_WARN_RANGE_LOOP_ANALYSIS = YES;
				CLANG_WARN_STRICT_PROTOTYPES = YES;
				CLANG_WARN_SUSPICIOUS_MOVE = YES;
				CLANG_WARN_UNGUARDED_AVAILABILITY = YES_AGGRESSIVE;
				CLANG_WARN_UNREACHABLE_CODE = YES;
				CLANG_WARN__DUPLICATE_METHOD_MATCH = YES;
				COPY_PHASE_STRIP = NO;
				DEBUG_INFORMATION_FORMAT = "dwarf-with-dsym";
				ENABLE_NS_ASSERTIONS = NO;
				ENABLE_STRICT_OBJC_MSGSEND = YES;
				GCC_C_LANGUAGE_STANDARD = gnu11;
				GCC_NO_COMMON_BLOCKS = YES;
				GCC_WARN_64_TO_32_BIT_CONVERSION = YES;
				GCC_WARN_ABOUT_RETURN_TYPE = YES_ERROR;
				GCC_WARN_UNDECLARED_SELECTOR = YES;
				GCC_WARN_UNINITIALIZED_AUTOS = YES_AGGRESSIVE;
				GCC_WARN_UNUSED_FUNCTION = YES;
				GCC_WARN_UNUSED_VARIABLE = YES;
				IPHONEOS_DEPLOYMENT_TARGET = 13.2;
				MTL_ENABLE_DEBUG_INFO = NO;
				MTL_FAST_MATH = YES;
				SDKROOT = iphoneos;
				SWIFT_COMPILATION_MODE = wholemodule;
				SWIFT_OPTIMIZATION_LEVEL = "-O";
				VALIDATE_PRODUCT = YES;
			};
			name = Release;
		};
		B995B27523E716D1006B04B8 /* Debug */ = {
			isa = XCBuildConfiguration;
			baseConfigurationReference = 5E8A52F29A94D385B2C6544F /* Pods-k-means.debug.xcconfig */;
			buildSettings = {
				ASSETCATALOG_COMPILER_APPICON_NAME = AppIcon;
				CODE_SIGN_IDENTITY = "Apple Development";
				CODE_SIGN_STYLE = Automatic;
				DEVELOPMENT_TEAM = STB535R58P;
				INFOPLIST_FILE = "k-means/Info.plist";
				LD_RUNPATH_SEARCH_PATHS = (
					"$(inherited)",
					"@executable_path/Frameworks",
				);
				PRODUCT_BUNDLE_IDENTIFIER = "yenz0redd.k-means1";
				PRODUCT_NAME = "$(TARGET_NAME)";
				PROVISIONING_PROFILE_SPECIFIER = "";
				SWIFT_VERSION = 5.0;
				TARGETED_DEVICE_FAMILY = "1,2";
			};
			name = Debug;
		};
		B995B27623E716D1006B04B8 /* Release */ = {
			isa = XCBuildConfiguration;
			baseConfigurationReference = 868980FD2D9F96BBA9567715 /* Pods-k-means.release.xcconfig */;
			buildSettings = {
				ASSETCATALOG_COMPILER_APPICON_NAME = AppIcon;
				CODE_SIGN_IDENTITY = "Apple Development";
				CODE_SIGN_STYLE = Automatic;
				DEVELOPMENT_TEAM = STB535R58P;
				INFOPLIST_FILE = "k-means/Info.plist";
				LD_RUNPATH_SEARCH_PATHS = (
					"$(inherited)",
					"@executable_path/Frameworks",
				);
				PRODUCT_BUNDLE_IDENTIFIER = "yenz0redd.k-means1";
				PRODUCT_NAME = "$(TARGET_NAME)";
				PROVISIONING_PROFILE_SPECIFIER = "";
				SWIFT_VERSION = 5.0;
				TARGETED_DEVICE_FAMILY = "1,2";
			};
			name = Release;
		};
/* End XCBuildConfiguration section */

/* Begin XCConfigurationList section */
		B995B25B23E716CF006B04B8 /* Build configuration list for PBXProject "k-means" */ = {
			isa = XCConfigurationList;
			buildConfigurations = (
				B995B27223E716D1006B04B8 /* Debug */,
				B995B27323E716D1006B04B8 /* Release */,
			);
			defaultConfigurationIsVisible = 0;
			defaultConfigurationName = Release;
		};
		B995B27423E716D1006B04B8 /* Build configuration list for PBXNativeTarget "k-means" */ = {
			isa = XCConfigurationList;
			buildConfigurations = (
				B995B27523E716D1006B04B8 /* Debug */,
				B995B27623E716D1006B04B8 /* Release */,
			);
			defaultConfigurationIsVisible = 0;
			defaultConfigurationName = Release;
		};
/* End XCConfigurationList section */
	};
	rootObject = B995B25823E716CF006B04B8 /* Project object */;
}
