// !$*UTF8*$!
{
	archiveVersion = 1;
	classes = {
	};
	objectVersion = 51;
	objects = {

/* Begin PBXBuildFile section */
		B9BC63D323F5A9F100B74530 /* AppDelegate.swift in Sources */ = {isa = PBXBuildFile; fileRef = B9BC63D223F5A9F100B74530 /* AppDelegate.swift */; };
		B9BC63D523F5A9F100B74530 /* SceneDelegate.swift in Sources */ = {isa = PBXBuildFile; fileRef = B9BC63D423F5A9F100B74530 /* SceneDelegate.swift */; };
		B9BC63D723F5A9F100B74530 /* ViewController.swift in Sources */ = {isa = PBXBuildFile; fileRef = B9BC63D623F5A9F100B74530 /* ViewController.swift */; };
		B9BC63DA23F5A9F100B74530 /* Main.storyboard in Resources */ = {isa = PBXBuildFile; fileRef = B9BC63D823F5A9F100B74530 /* Main.storyboard */; };
		B9BC63DC23F5A9F300B74530 /* Assets.xcassets in Resources */ = {isa = PBXBuildFile; fileRef = B9BC63DB23F5A9F300B74530 /* Assets.xcassets */; };
		B9BC63DF23F5A9F300B74530 /* LaunchScreen.storyboard in Resources */ = {isa = PBXBuildFile; fileRef = B9BC63DD23F5A9F300B74530 /* LaunchScreen.storyboard */; };
		B9BC63E723F5AA3200B74530 /* Drawer.swift in Sources */ = {isa = PBXBuildFile; fileRef = B9BC63E623F5AA3200B74530 /* Drawer.swift */; };
		B9BC63E923F5AA4700B74530 /* PointsProvider.swift in Sources */ = {isa = PBXBuildFile; fileRef = B9BC63E823F5AA4700B74530 /* PointsProvider.swift */; };
		DC4C8CD9671132BF3E158961 /* Pods_lab_3.framework in Frameworks */ = {isa = PBXBuildFile; fileRef = 35C4567A5181537F4A599F69 /* Pods_lab_3.framework */; };
/* End PBXBuildFile section */

/* Begin PBXFileReference section */
		35C4567A5181537F4A599F69 /* Pods_lab_3.framework */ = {isa = PBXFileReference; explicitFileType = wrapper.framework; includeInIndex = 0; path = Pods_lab_3.framework; sourceTree = BUILT_PRODUCTS_DIR; };
		687D0F61B612246572A81958 /* Pods-lab-3.debug.xcconfig */ = {isa = PBXFileReference; includeInIndex = 1; lastKnownFileType = text.xcconfig; name = "Pods-lab-3.debug.xcconfig"; path = "Target Support Files/Pods-lab-3/Pods-lab-3.debug.xcconfig"; sourceTree = "<group>"; };
		92464D8AF374E13D4F51D56A /* Pods-lab-3.release.xcconfig */ = {isa = PBXFileReference; includeInIndex = 1; lastKnownFileType = text.xcconfig; name = "Pods-lab-3.release.xcconfig"; path = "Target Support Files/Pods-lab-3/Pods-lab-3.release.xcconfig"; sourceTree = "<group>"; };
		B9BC63CF23F5A9F100B74530 /* lab-3.app */ = {isa = PBXFileReference; explicitFileType = wrapper.application; includeInIndex = 0; path = "lab-3.app"; sourceTree = BUILT_PRODUCTS_DIR; };
		B9BC63D223F5A9F100B74530 /* AppDelegate.swift */ = {isa = PBXFileReference; lastKnownFileType = sourcecode.swift; path = AppDelegate.swift; sourceTree = "<group>"; };
		B9BC63D423F5A9F100B74530 /* SceneDelegate.swift */ = {isa = PBXFileReference; lastKnownFileType = sourcecode.swift; path = SceneDelegate.swift; sourceTree = "<group>"; };
		B9BC63D623F5A9F100B74530 /* ViewController.swift */ = {isa = PBXFileReference; lastKnownFileType = sourcecode.swift; path = ViewController.swift; sourceTree = "<group>"; };
		B9BC63D923F5A9F100B74530 /* Base */ = {isa = PBXFileReference; lastKnownFileType = file.storyboard; name = Base; path = Base.lproj/Main.storyboard; sourceTree = "<group>"; };
		B9BC63DB23F5A9F300B74530 /* Assets.xcassets */ = {isa = PBXFileReference; lastKnownFileType = folder.assetcatalog; path = Assets.xcassets; sourceTree = "<group>"; };
		B9BC63DE23F5A9F300B74530 /* Base */ = {isa = PBXFileReference; lastKnownFileType = file.storyboard; name = Base; path = Base.lproj/LaunchScreen.storyboard; sourceTree = "<group>"; };
		B9BC63E023F5A9F300B74530 /* Info.plist */ = {isa = PBXFileReference; lastKnownFileType = text.plist.xml; path = Info.plist; sourceTree = "<group>"; };
		B9BC63E623F5AA3200B74530 /* Drawer.swift */ = {isa = PBXFileReference; lastKnownFileType = sourcecode.swift; path = Drawer.swift; sourceTree = "<group>"; };
		B9BC63E823F5AA4700B74530 /* PointsProvider.swift */ = {isa = PBXFileReference; lastKnownFileType = sourcecode.swift; path = PointsProvider.swift; sourceTree = "<group>"; };
/* End PBXFileReference section */

/* Begin PBXFrameworksBuildPhase section */
		B9BC63CC23F5A9F100B74530 /* Frameworks */ = {
			isa = PBXFrameworksBuildPhase;
			buildActionMask = 2147483647;
			files = (
				DC4C8CD9671132BF3E158961 /* Pods_lab_3.framework in Frameworks */,
			);
			runOnlyForDeploymentPostprocessing = 0;
		};
/* End PBXFrameworksBuildPhase section */

/* Begin PBXGroup section */
		6EBA4BE6BBD13A97F4140B27 /* Frameworks */ = {
			isa = PBXGroup;
			children = (
				35C4567A5181537F4A599F69 /* Pods_lab_3.framework */,
			);
			name = Frameworks;
			sourceTree = "<group>";
		};
		B9BC63C623F5A9F100B74530 = {
			isa = PBXGroup;
			children = (
				B9BC63D123F5A9F100B74530 /* lab-3 */,
				B9BC63D023F5A9F100B74530 /* Products */,
				EF18424ABB8A53C3A20484BC /* Pods */,
				6EBA4BE6BBD13A97F4140B27 /* Frameworks */,
			);
			sourceTree = "<group>";
		};
		B9BC63D023F5A9F100B74530 /* Products */ = {
			isa = PBXGroup;
			children = (
				B9BC63CF23F5A9F100B74530 /* lab-3.app */,
			);
			name = Products;
			sourceTree = "<group>";
		};
		B9BC63D123F5A9F100B74530 /* lab-3 */ = {
			isa = PBXGroup;
			children = (
				B9BC63D223F5A9F100B74530 /* AppDelegate.swift */,
				B9BC63D423F5A9F100B74530 /* SceneDelegate.swift */,
				B9BC63D623F5A9F100B74530 /* ViewController.swift */,
				B9BC63D823F5A9F100B74530 /* Main.storyboard */,
				B9BC63DB23F5A9F300B74530 /* Assets.xcassets */,
				B9BC63DD23F5A9F300B74530 /* LaunchScreen.storyboard */,
				B9BC63E023F5A9F300B74530 /* Info.plist */,
				B9BC63E623F5AA3200B74530 /* Drawer.swift */,
				B9BC63E823F5AA4700B74530 /* PointsProvider.swift */,
			);
			path = "lab-3";
			sourceTree = "<group>";
		};
		EF18424ABB8A53C3A20484BC /* Pods */ = {
			isa = PBXGroup;
			children = (
				687D0F61B612246572A81958 /* Pods-lab-3.debug.xcconfig */,
				92464D8AF374E13D4F51D56A /* Pods-lab-3.release.xcconfig */,
			);
			path = Pods;
			sourceTree = "<group>";
		};
/* End PBXGroup section */

/* Begin PBXNativeTarget section */
		B9BC63CE23F5A9F100B74530 /* lab-3 */ = {
			isa = PBXNativeTarget;
			buildConfigurationList = B9BC63E323F5A9F300B74530 /* Build configuration list for PBXNativeTarget "lab-3" */;
			buildPhases = (
				C65BD9B76DB0C10A7788BF07 /* [CP] Check Pods Manifest.lock */,
				B9BC63CB23F5A9F100B74530 /* Sources */,
				B9BC63CC23F5A9F100B74530 /* Frameworks */,
				B9BC63CD23F5A9F100B74530 /* Resources */,
				9EC46BBB18DD2A0773D2A1D7 /* [CP] Embed Pods Frameworks */,
			);
			buildRules = (
			);
			dependencies = (
			);
			name = "lab-3";
			productName = "lab-3";
			productReference = B9BC63CF23F5A9F100B74530 /* lab-3.app */;
			productType = "com.apple.product-type.application";
		};
/* End PBXNativeTarget section */

/* Begin PBXProject section */
		B9BC63C723F5A9F100B74530 /* Project object */ = {
			isa = PBXProject;
			attributes = {
				LastSwiftUpdateCheck = 1130;
				LastUpgradeCheck = 1130;
				ORGANIZATIONNAME = yenz0redd;
				TargetAttributes = {
					B9BC63CE23F5A9F100B74530 = {
						CreatedOnToolsVersion = 11.3.1;
					};
				};
			};
			buildConfigurationList = B9BC63CA23F5A9F100B74530 /* Build configuration list for PBXProject "lab-3" */;
			compatibilityVersion = "Xcode 9.3";
			developmentRegion = en;
			hasScannedForEncodings = 0;
			knownRegions = (
				en,
				Base,
			);
			mainGroup = B9BC63C623F5A9F100B74530;
			productRefGroup = B9BC63D023F5A9F100B74530 /* Products */;
			projectDirPath = "";
			projectRoot = "";
			targets = (
				B9BC63CE23F5A9F100B74530 /* lab-3 */,
			);
		};
/* End PBXProject section */

/* Begin PBXResourcesBuildPhase section */
		B9BC63CD23F5A9F100B74530 /* Resources */ = {
			isa = PBXResourcesBuildPhase;
			buildActionMask = 2147483647;
			files = (
				B9BC63DF23F5A9F300B74530 /* LaunchScreen.storyboard in Resources */,
				B9BC63DC23F5A9F300B74530 /* Assets.xcassets in Resources */,
				B9BC63DA23F5A9F100B74530 /* Main.storyboard in Resources */,
			);
			runOnlyForDeploymentPostprocessing = 0;
		};
/* End PBXResourcesBuildPhase section */

/* Begin PBXShellScriptBuildPhase section */
		9EC46BBB18DD2A0773D2A1D7 /* [CP] Embed Pods Frameworks */ = {
			isa = PBXShellScriptBuildPhase;
			buildActionMask = 2147483647;
			files = (
			);
			inputFileListPaths = (
				"${PODS_ROOT}/Target Support Files/Pods-lab-3/Pods-lab-3-frameworks-${CONFIGURATION}-input-files.xcfilelist",
			);
			name = "[CP] Embed Pods Frameworks";
			outputFileListPaths = (
				"${PODS_ROOT}/Target Support Files/Pods-lab-3/Pods-lab-3-frameworks-${CONFIGURATION}-output-files.xcfilelist",
			);
			runOnlyForDeploymentPostprocessing = 0;
			shellPath = /bin/sh;
			shellScript = "\"${PODS_ROOT}/Target Support Files/Pods-lab-3/Pods-lab-3-frameworks.sh\"\n";
			showEnvVarsInLog = 0;
		};
		C65BD9B76DB0C10A7788BF07 /* [CP] Check Pods Manifest.lock */ = {
			isa = PBXShellScriptBuildPhase;
			buildActionMask = 2147483647;
			files = (
			);
			inputFileListPaths = (
			);
			inputPaths = (
				"${PODS_PODFILE_DIR_PATH}/Podfile.lock",
				"${PODS_ROOT}/Manifest.lock",
			);
			name = "[CP] Check Pods Manifest.lock";
			outputFileListPaths = (
			);
			outputPaths = (
				"$(DERIVED_FILE_DIR)/Pods-lab-3-checkManifestLockResult.txt",
			);
			runOnlyForDeploymentPostprocessing = 0;
			shellPath = /bin/sh;
			shellScript = "diff \"${PODS_PODFILE_DIR_PATH}/Podfile.lock\" \"${PODS_ROOT}/Manifest.lock\" > /dev/null\nif [ $? != 0 ] ; then\n    # print error to STDERR\n    echo \"error: The sandbox is not in sync with the Podfile.lock. Run 'pod install' or update your CocoaPods installation.\" >&2\n    exit 1\nfi\n# This output is used by Xcode 'outputs' to avoid re-running this script phase.\necho \"SUCCESS\" > \"${SCRIPT_OUTPUT_FILE_0}\"\n";
			showEnvVarsInLog = 0;
		};
/* End PBXShellScriptBuildPhase section */

/* Begin PBXSourcesBuildPhase section */
		B9BC63CB23F5A9F100B74530 /* Sources */ = {
			isa = PBXSourcesBuildPhase;
			buildActionMask = 2147483647;
			files = (
				B9BC63E723F5AA3200B74530 /* Drawer.swift in Sources */,
				B9BC63D723F5A9F100B74530 /* ViewController.swift in Sources */,
				B9BC63E923F5AA4700B74530 /* PointsProvider.swift in Sources */,
				B9BC63D323F5A9F100B74530 /* AppDelegate.swift in Sources */,
				B9BC63D523F5A9F100B74530 /* SceneDelegate.swift in Sources */,
			);
			runOnlyForDeploymentPostprocessing = 0;
		};
/* End PBXSourcesBuildPhase section */

/* Begin PBXVariantGroup section */
		B9BC63D823F5A9F100B74530 /* Main.storyboard */ = {
			isa = PBXVariantGroup;
			children = (
				B9BC63D923F5A9F100B74530 /* Base */,
			);
			name = Main.storyboard;
			sourceTree = "<group>";
		};
		B9BC63DD23F5A9F300B74530 /* LaunchScreen.storyboard */ = {
			isa = PBXVariantGroup;
			children = (
				B9BC63DE23F5A9F300B74530 /* Base */,
			);
			name = LaunchScreen.storyboard;
			sourceTree = "<group>";
		};
/* End PBXVariantGroup section */

/* Begin XCBuildConfiguration section */
		B9BC63E123F5A9F300B74530 /* Debug */ = {
			isa = XCBuildConfiguration;
			buildSettings = {
				ALWAYS_SEARCH_USER_PATHS = NO;
				CLANG_ANALYZER_NONNULL = YES;
				CLANG_ANALYZER_NUMBER_OBJECT_CONVERSION = YES_AGGRESSIVE;
				CLANG_CXX_LANGUAGE_STANDARD = "gnu++14";
				CLANG_CXX_LIBRARY = "libc++";
				CLANG_ENABLE_MODULES = YES;
				CLANG_ENABLE_OBJC_ARC = YES;
				CLANG_ENABLE_OBJC_WEAK = YES;
				CLANG_WARN_BLOCK_CAPTURE_AUTORELEASING = YES;
				CLANG_WARN_BOOL_CONVERSION = YES;
				CLANG_WARN_COMMA = YES;
				CLANG_WARN_CONSTANT_CONVERSION = YES;
				CLANG_WARN_DEPRECATED_OBJC_IMPLEMENTATIONS = YES;
				CLANG_WARN_DIRECT_OBJC_ISA_USAGE = YES_ERROR;
				CLANG_WARN_DOCUMENTATION_COMMENTS = YES;
				CLANG_WARN_EMPTY_BODY = YES;
				CLANG_WARN_ENUM_CONVERSION = YES;
				CLANG_WARN_INFINITE_RECURSION = YES;
				CLANG_WARN_INT_CONVERSION = YES;
				CLANG_WARN_NON_LITERAL_NULL_CONVERSION = YES;
				CLANG_WARN_OBJC_IMPLICIT_RETAIN_SELF = YES;
				CLANG_WARN_OBJC_LITERAL_CONVERSION = YES;
				CLANG_WARN_OBJC_ROOT_CLASS = YES_ERROR;
				CLANG_WARN_RANGE_LOOP_ANALYSIS = YES;
				CLANG_WARN_STRICT_PROTOTYPES = YES;
				CLANG_WARN_SUSPICIOUS_MOVE = YES;
				CLANG_WARN_UNGUARDED_AVAILABILITY = YES_AGGRESSIVE;
				CLANG_WARN_UNREACHABLE_CODE = YES;
				CLANG_WARN__DUPLICATE_METHOD_MATCH = YES;
				COPY_PHASE_STRIP = NO;
				DEBUG_INFORMATION_FORMAT = dwarf;
				ENABLE_STRICT_OBJC_MSGSEND = YES;
				ENABLE_TESTABILITY = YES;
				GCC_C_LANGUAGE_STANDARD = gnu11;
				GCC_DYNAMIC_NO_PIC = NO;
				GCC_NO_COMMON_BLOCKS = YES;
				GCC_OPTIMIZATION_LEVEL = 0;
				GCC_PREPROCESSOR_DEFINITIONS = (
					"DEBUG=1",
					"$(inherited)",
				);
				GCC_WARN_64_TO_32_BIT_CONVERSION = YES;
				GCC_WARN_ABOUT_RETURN_TYPE = YES_ERROR;
				GCC_WARN_UNDECLARED_SELECTOR = YES;
				GCC_WARN_UNINITIALIZED_AUTOS = YES_AGGRESSIVE;
				GCC_WARN_UNUSED_FUNCTION = YES;
				GCC_WARN_UNUSED_VARIABLE = YES;
				IPHONEOS_DEPLOYMENT_TARGET = 13.2;
				MTL_ENABLE_DEBUG_INFO = INCLUDE_SOURCE;
				MTL_FAST_MATH = YES;
				ONLY_ACTIVE_ARCH = YES;
				SDKROOT = iphoneos;
				SWIFT_ACTIVE_COMPILATION_CONDITIONS = DEBUG;
				SWIFT_OPTIMIZATION_LEVEL = "-Onone";
			};
			name = Debug;
		};
		B9BC63E223F5A9F300B74530 /* Release */ = {
			isa = XCBuildConfiguration;
			buildSettings = {
				ALWAYS_SEARCH_USER_PATHS = NO;
				CLANG_ANALYZER_NONNULL = YES;
				CLANG_ANALYZER_NUMBER_OBJECT_CONVERSION = YES_AGGRESSIVE;
				CLANG_CXX_LANGUAGE_STANDARD = "gnu++14";
				CLANG_CXX_LIBRARY = "libc++";
				CLANG_ENABLE_MODULES = YES;
				CLANG_ENABLE_OBJC_ARC = YES;
				CLANG_ENABLE_OBJC_WEAK = YES;
				CLANG_WARN_BLOCK_CAPTURE_AUTORELEASING = YES;
				CLANG_WARN_BOOL_CONVERSION = YES;
				CLANG_WARN_COMMA = YES;
				CLANG_WARN_CONSTANT_CONVERSION = YES;
				CLANG_WARN_DEPRECATED_OBJC_IMPLEMENTATIONS = YES;
				CLANG_WARN_DIRECT_OBJC_ISA_USAGE = YES_ERROR;
				CLANG_WARN_DOCUMENTATION_COMMENTS = YES;
				CLANG_WARN_EMPTY_BODY = YES;
				CLANG_WARN_ENUM_CONVERSION = YES;
				CLANG_WARN_INFINITE_RECURSION = YES;
				CLANG_WARN_INT_CONVERSION = YES;
				CLANG_WARN_NON_LITERAL_NULL_CONVERSION = YES;
				CLANG_WARN_OBJC_IMPLICIT_RETAIN_SELF = YES;
				CLANG_WARN_OBJC_LITERAL_CONVERSION = YES;
				CLANG_WARN_OBJC_ROOT_CLASS = YES_ERROR;
				CLANG_WARN_RANGE_LOOP_ANALYSIS = YES;
				CLANG_WARN_STRICT_PROTOTYPES = YES;
				CLANG_WARN_SUSPICIOUS_MOVE = YES;
				CLANG_WARN_UNGUARDED_AVAILABILITY = YES_AGGRESSIVE;
				CLANG_WARN_UNREACHABLE_CODE = YES;
				CLANG_WARN__DUPLICATE_METHOD_MATCH = YES;
				COPY_PHASE_STRIP = NO;
				DEBUG_INFORMATION_FORMAT = "dwarf-with-dsym";
				ENABLE_NS_ASSERTIONS = NO;
				ENABLE_STRICT_OBJC_MSGSEND = YES;
				GCC_C_LANGUAGE_STANDARD = gnu11;
				GCC_NO_COMMON_BLOCKS = YES;
				GCC_WARN_64_TO_32_BIT_CONVERSION = YES;
				GCC_WARN_ABOUT_RETURN_TYPE = YES_ERROR;
				GCC_WARN_UNDECLARED_SELECTOR = YES;
				GCC_WARN_UNINITIALIZED_AUTOS = YES_AGGRESSIVE;
				GCC_WARN_UNUSED_FUNCTION = YES;
				GCC_WARN_UNUSED_VARIABLE = YES;
				IPHONEOS_DEPLOYMENT_TARGET = 13.2;
				MTL_ENABLE_DEBUG_INFO = NO;
				MTL_FAST_MATH = YES;
				SDKROOT = iphoneos;
				SWIFT_COMPILATION_MODE = wholemodule;
				SWIFT_OPTIMIZATION_LEVEL = "-O";
				VALIDATE_PRODUCT = YES;
			};
			name = Release;
		};
		B9BC63E423F5A9F300B74530 /* Debug */ = {
			isa = XCBuildConfiguration;
			baseConfigurationReference = 687D0F61B612246572A81958 /* Pods-lab-3.debug.xcconfig */;
			buildSettings = {
				ASSETCATALOG_COMPILER_APPICON_NAME = AppIcon;
				CODE_SIGN_STYLE = Automatic;
				DEVELOPMENT_TEAM = F69M5SBR3W;
				INFOPLIST_FILE = "lab-3/Info.plist";
				LD_RUNPATH_SEARCH_PATHS = (
					"$(inherited)",
					"@executable_path/Frameworks",
				);
				PRODUCT_BUNDLE_IDENTIFIER = "yenz0redd.lab-3";
				PRODUCT_NAME = "$(TARGET_NAME)";
				SWIFT_VERSION = 5.0;
				TARGETED_DEVICE_FAMILY = "1,2";
			};
			name = Debug;
		};
		B9BC63E523F5A9F300B74530 /* Release */ = {
			isa = XCBuildConfiguration;
			baseConfigurationReference = 92464D8AF374E13D4F51D56A /* Pods-lab-3.release.xcconfig */;
			buildSettings = {
				ASSETCATALOG_COMPILER_APPICON_NAME = AppIcon;
				CODE_SIGN_STYLE = Automatic;
				DEVELOPMENT_TEAM = F69M5SBR3W;
				INFOPLIST_FILE = "lab-3/Info.plist";
				LD_RUNPATH_SEARCH_PATHS = (
					"$(inherited)",
					"@executable_path/Frameworks",
				);
				PRODUCT_BUNDLE_IDENTIFIER = "yenz0redd.lab-3";
				PRODUCT_NAME = "$(TARGET_NAME)";
				SWIFT_VERSION = 5.0;
				TARGETED_DEVICE_FAMILY = "1,2";
			};
			name = Release;
		};
/* End XCBuildConfiguration section */

/* Begin XCConfigurationList section */
		B9BC63CA23F5A9F100B74530 /* Build configuration list for PBXProject "lab-3" */ = {
			isa = XCConfigurationList;
			buildConfigurations = (
				B9BC63E123F5A9F300B74530 /* Debug */,
				B9BC63E223F5A9F300B74530 /* Release */,
			);
			defaultConfigurationIsVisible = 0;
			defaultConfigurationName = Release;
		};
		B9BC63E323F5A9F300B74530 /* Build configuration list for PBXNativeTarget "lab-3" */ = {
			isa = XCConfigurationList;
			buildConfigurations = (
				B9BC63E423F5A9F300B74530 /* Debug */,
				B9BC63E523F5A9F300B74530 /* Release */,
			);
			defaultConfigurationIsVisible = 0;
			defaultConfigurationName = Release;
		};
/* End XCConfigurationList section */
	};
	rootObject = B9BC63C723F5A9F100B74530 /* Project object */;
}
